# This file is automatically @generated by Poetry 1.8.2 and should not be changed by hand.

[[package]]
name = "fun-things"
version = "0.21.0"
description = ""
optional = false
python-versions = "<4.0,>=3.8"
files = [
    {file = "fun_things-0.21.0-py3-none-any.whl", hash = "sha256:04b089fe6cea2241292b43ed42506fd82d7fb8aa93a6b3607dba43fc4528011b"},
    {file = "fun_things-0.21.0.tar.gz", hash = "sha256:d9bdc02e23e94589d67a3b88c1df9ab024f3a1544ab237ebfc0b53d82845b0df"},
]

[package.dependencies]
simple-chalk = ">=0.1.0,<0.2.0"

[[package]]
name = "simple-chalk"
version = "0.1.0"
description = "A terminal string styling library"
optional = false
python-versions = ">=3.6"
files = [
    {file = "simple_chalk-0.1.0.tar.gz", hash = "sha256:d80f55993dfa040c1b55d2fbfb925e4fbb5798c2934601aa448ef4a192d84196"},
]

[metadata]
lock-version = "2.0"
python-versions = "^3.8"
content-hash = "d23ad9086b009b703715a03742f737e723ad4beb7268697f11ee09db557c8eba"
