# This file is automatically @generated by Poetry 1.8.2 and should not be changed by hand.

[[package]]
name = "fun-things"
version = "0.14.3"
description = ""
optional = false
python-versions = "<4.0,>=3.8"
files = [
    {file = "fun_things-0.14.3-py3-none-any.whl", hash = "sha256:341c2a20f73d5a50e0d3ea1d898fcdb523360559789a728ee1e5bd264a8574aa"},
    {file = "fun_things-0.14.3.tar.gz", hash = "sha256:980cf28b8efe15c79a000ddc66ff55149083273706fe32070b1c4ca096d28321"},
]

[[package]]
name = "simple-chalk"
version = "0.1.0"
description = "A terminal string styling library"
optional = false
python-versions = ">=3.6"
files = [
    {file = "simple_chalk-0.1.0.tar.gz", hash = "sha256:d80f55993dfa040c1b55d2fbfb925e4fbb5798c2934601aa448ef4a192d84196"},
]

[metadata]
lock-version = "2.0"
python-versions = "^3.8"
content-hash = "9943f01df344f69c952c2a1390b587023931a6c649571ca2e981d476274d4890"
