# This file is automatically @generated by Poetry 1.8.2 and should not be changed by hand.

[[package]]
name = "fun-things"
version = "0.24.4"
description = ""
optional = false
python-versions = "<4.0,>=3.8"
files = [
    {file = "fun_things-0.24.4-py3-none-any.whl", hash = "sha256:ca795906d14ca322c5cecabf7ce8e2ab9eed1de703f5ab29918a77def6d0dfd9"},
    {file = "fun_things-0.24.4.tar.gz", hash = "sha256:b962f0bfd412ed451e8a0562a765fcfdd33c7706135b55336c947c4f04237cc4"},
]

[package.dependencies]
simple-chalk = ">=0.1.0,<0.2.0"

[[package]]
name = "simple-chalk"
version = "0.1.0"
description = "A terminal string styling library"
optional = false
python-versions = ">=3.6"
files = [
    {file = "simple_chalk-0.1.0.tar.gz", hash = "sha256:d80f55993dfa040c1b55d2fbfb925e4fbb5798c2934601aa448ef4a192d84196"},
]

[metadata]
lock-version = "2.0"
python-versions = "^3.8"
content-hash = "39e8563651322743846711d598b09fde5524afe2ec2c8977d852ba73c72cb869"
